// !$*UTF8*$!
{
	archiveVersion = 1;
	classes = {
	};
	objectVersion = 46;
	objects = {

/* Begin PBXBuildFile section */
		7E633C1B1651685100837DBC /* UIKit.framework in Frameworks */ = {isa = PBXBuildFile; fileRef = 7E633C1A1651685100837DBC /* UIKit.framework */; };
		7E633C1D1651685100837DBC /* Foundation.framework in Frameworks */ = {isa = PBXBuildFile; fileRef = 7E633C1C1651685100837DBC /* Foundation.framework */; };
		7E633C1F1651685100837DBC /* CoreGraphics.framework in Frameworks */ = {isa = PBXBuildFile; fileRef = 7E633C1E1651685100837DBC /* CoreGraphics.framework */; };
		7E633C251651685100837DBC /* InfoPlist.strings in Resources */ = {isa = PBXBuildFile; fileRef = 7E633C231651685100837DBC /* InfoPlist.strings */; };
		7E633C271651685100837DBC /* main.m in Sources */ = {isa = PBXBuildFile; fileRef = 7E633C261651685100837DBC /* main.m */; };
		7E633C2B1651685100837DBC /* AppDelegate.m in Sources */ = {isa = PBXBuildFile; fileRef = 7E633C2A1651685100837DBC /* AppDelegate.m */; };
		7E633C2D1651685100837DBC /* Default.png in Resources */ = {isa = PBXBuildFile; fileRef = 7E633C2C1651685100837DBC /* Default.png */; };
		7E633C2F1651685100837DBC /* Default@2x.png in Resources */ = {isa = PBXBuildFile; fileRef = 7E633C2E1651685100837DBC /* Default@2x.png */; };
		7E633C311651685100837DBC /* Default-568h@2x.png in Resources */ = {isa = PBXBuildFile; fileRef = 7E633C301651685100837DBC /* Default-568h@2x.png */; };
		7E633C341651685100837DBC /* MainStoryboard.storyboard in Resources */ = {isa = PBXBuildFile; fileRef = 7E633C321651685100837DBC /* MainStoryboard.storyboard */; };
		7E633C371651685100837DBC /* ViewController.m in Sources */ = {isa = PBXBuildFile; fileRef = 7E633C361651685100837DBC /* ViewController.m */; };
		7E633C6216516EC200837DBC /* NSObject+SBJson.m in Sources */ = {isa = PBXBuildFile; fileRef = 7E633C4A16516EC200837DBC /* NSObject+SBJson.m */; };
		7E633C6316516EC200837DBC /* SBJsonParser.m in Sources */ = {isa = PBXBuildFile; fileRef = 7E633C4D16516EC200837DBC /* SBJsonParser.m */; };
		7E633C6416516EC200837DBC /* SBJsonStreamParser.m in Sources */ = {isa = PBXBuildFile; fileRef = 7E633C4F16516EC200837DBC /* SBJsonStreamParser.m */; };
		7E633C6516516EC200837DBC /* SBJsonStreamParserAccumulator.m in Sources */ = {isa = PBXBuildFile; fileRef = 7E633C5116516EC200837DBC /* SBJsonStreamParserAccumulator.m */; };
		7E633C6616516EC200837DBC /* SBJsonStreamParserAdapter.m in Sources */ = {isa = PBXBuildFile; fileRef = 7E633C5316516EC200837DBC /* SBJsonStreamParserAdapter.m */; };
		7E633C6716516EC200837DBC /* SBJsonStreamParserState.m in Sources */ = {isa = PBXBuildFile; fileRef = 7E633C5516516EC200837DBC /* SBJsonStreamParserState.m */; };
		7E633C6816516EC200837DBC /* SBJsonStreamWriter.m in Sources */ = {isa = PBXBuildFile; fileRef = 7E633C5716516EC200837DBC /* SBJsonStreamWriter.m */; };
		7E633C6916516EC200837DBC /* SBJsonStreamWriterAccumulator.m in Sources */ = {isa = PBXBuildFile; fileRef = 7E633C5916516EC200837DBC /* SBJsonStreamWriterAccumulator.m */; };
		7E633C6A16516EC200837DBC /* SBJsonStreamWriterState.m in Sources */ = {isa = PBXBuildFile; fileRef = 7E633C5B16516EC200837DBC /* SBJsonStreamWriterState.m */; };
		7E633C6B16516EC200837DBC /* SBJsonTokeniser.m in Sources */ = {isa = PBXBuildFile; fileRef = 7E633C5D16516EC200837DBC /* SBJsonTokeniser.m */; };
		7E633C6C16516EC200837DBC /* SBJsonUTF8Stream.m in Sources */ = {isa = PBXBuildFile; fileRef = 7E633C5F16516EC200837DBC /* SBJsonUTF8Stream.m */; };
		7E633C6D16516EC200837DBC /* SBJsonWriter.m in Sources */ = {isa = PBXBuildFile; fileRef = 7E633C6116516EC200837DBC /* SBJsonWriter.m */; };
		7E633D1A1651707800837DBC /* LICENSE.txt in Resources */ = {isa = PBXBuildFile; fileRef = 7E633D191651707800837DBC /* LICENSE.txt */; };
		7E633FC71651750A00837DBC /* MapKit.framework in Frameworks */ = {isa = PBXBuildFile; fileRef = 7E633FC61651750A00837DBC /* MapKit.framework */; };
		7E633FC91651751200837DBC /* Security.framework in Frameworks */ = {isa = PBXBuildFile; fileRef = 7E633FC81651751200837DBC /* Security.framework */; };
		7E633FF2165177C800837DBC /* CHANGELOG.md in Resources */ = {isa = PBXBuildFile; fileRef = 7E633FCB165177C800837DBC /* CHANGELOG.md */; };
		7E633FF3165177C800837DBC /* libstackmob-v1.1.2.a in Frameworks */ = {isa = PBXBuildFile; fileRef = 7E633FF1165177C800837DBC /* libstackmob-v1.1.2.a */; };
		7E633FF5165177DF00837DBC /* CoreData.framework in Frameworks */ = {isa = PBXBuildFile; fileRef = 7E633FF4165177DF00837DBC /* CoreData.framework */; };
		7E633FF71651799F00837DBC /* masherymade.png in Resources */ = {isa = PBXBuildFile; fileRef = 7E633FF61651799F00837DBC /* masherymade.png */; };
		7E633FFC165181E900837DBC /* active_access_rounded.png in Resources */ = {isa = PBXBuildFile; fileRef = 7E633FFB165181E900837DBC /* active_access_rounded.png */; };
		7E633FFF165183A200837DBC /* Activity.m in Sources */ = {isa = PBXBuildFile; fileRef = 7E633FFE165183A200837DBC /* Activity.m */; };
		7E63400216518E8A00837DBC /* CoreLocation.framework in Frameworks */ = {isa = PBXBuildFile; fileRef = 7E63400116518E8A00837DBC /* CoreLocation.framework */; };
		7E63400516518F4800837DBC /* Activity.xcdatamodeld in Sources */ = {isa = PBXBuildFile; fileRef = 7E63400316518F4800837DBC /* Activity.xcdatamodeld */; };
/* End PBXBuildFile section */

/* Begin PBXFileReference section */
		7E633C161651685100837DBC /* activeSearchDemo.app */ = {isa = PBXFileReference; explicitFileType = wrapper.application; includeInIndex = 0; path = activeSearchDemo.app; sourceTree = BUILT_PRODUCTS_DIR; };
		7E633C1A1651685100837DBC /* UIKit.framework */ = {isa = PBXFileReference; lastKnownFileType = wrapper.framework; name = UIKit.framework; path = System/Library/Frameworks/UIKit.framework; sourceTree = SDKROOT; };
		7E633C1C1651685100837DBC /* Foundation.framework */ = {isa = PBXFileReference; lastKnownFileType = wrapper.framework; name = Foundation.framework; path = System/Library/Frameworks/Foundation.framework; sourceTree = SDKROOT; };
		7E633C1E1651685100837DBC /* CoreGraphics.framework */ = {isa = PBXFileReference; lastKnownFileType = wrapper.framework; name = CoreGraphics.framework; path = System/Library/Frameworks/CoreGraphics.framework; sourceTree = SDKROOT; };
		7E633C221651685100837DBC /* activeSearchDemo-Info.plist */ = {isa = PBXFileReference; lastKnownFileType = text.plist.xml; path = "activeSearchDemo-Info.plist"; sourceTree = "<group>"; };
		7E633C241651685100837DBC /* en */ = {isa = PBXFileReference; lastKnownFileType = text.plist.strings; name = en; path = en.lproj/InfoPlist.strings; sourceTree = "<group>"; };
		7E633C261651685100837DBC /* main.m */ = {isa = PBXFileReference; lastKnownFileType = sourcecode.c.objc; path = main.m; sourceTree = "<group>"; };
		7E633C281651685100837DBC /* activeSearchDemo-Prefix.pch */ = {isa = PBXFileReference; lastKnownFileType = sourcecode.c.h; path = "activeSearchDemo-Prefix.pch"; sourceTree = "<group>"; };
		7E633C291651685100837DBC /* AppDelegate.h */ = {isa = PBXFileReference; lastKnownFileType = sourcecode.c.h; path = AppDelegate.h; sourceTree = "<group>"; };
		7E633C2A1651685100837DBC /* AppDelegate.m */ = {isa = PBXFileReference; lastKnownFileType = sourcecode.c.objc; path = AppDelegate.m; sourceTree = "<group>"; };
		7E633C2C1651685100837DBC /* Default.png */ = {isa = PBXFileReference; lastKnownFileType = image.png; path = Default.png; sourceTree = "<group>"; };
		7E633C2E1651685100837DBC /* Default@2x.png */ = {isa = PBXFileReference; lastKnownFileType = image.png; path = "Default@2x.png"; sourceTree = "<group>"; };
		7E633C301651685100837DBC /* Default-568h@2x.png */ = {isa = PBXFileReference; lastKnownFileType = image.png; path = "Default-568h@2x.png"; sourceTree = "<group>"; };
		7E633C331651685100837DBC /* en */ = {isa = PBXFileReference; lastKnownFileType = file.storyboard; name = en; path = en.lproj/MainStoryboard.storyboard; sourceTree = "<group>"; };
		7E633C351651685100837DBC /* ViewController.h */ = {isa = PBXFileReference; lastKnownFileType = sourcecode.c.h; path = ViewController.h; sourceTree = "<group>"; };
		7E633C361651685100837DBC /* ViewController.m */ = {isa = PBXFileReference; lastKnownFileType = sourcecode.c.objc; path = ViewController.m; sourceTree = "<group>"; };
		7E633C4916516EC200837DBC /* NSObject+SBJson.h */ = {isa = PBXFileReference; fileEncoding = 4; lastKnownFileType = sourcecode.c.h; path = "NSObject+SBJson.h"; sourceTree = "<group>"; };
		7E633C4A16516EC200837DBC /* NSObject+SBJson.m */ = {isa = PBXFileReference; fileEncoding = 4; lastKnownFileType = sourcecode.c.objc; path = "NSObject+SBJson.m"; sourceTree = "<group>"; };
		7E633C4B16516EC200837DBC /* SBJson.h */ = {isa = PBXFileReference; fileEncoding = 4; lastKnownFileType = sourcecode.c.h; path = SBJson.h; sourceTree = "<group>"; };
		7E633C4C16516EC200837DBC /* SBJsonParser.h */ = {isa = PBXFileReference; fileEncoding = 4; lastKnownFileType = sourcecode.c.h; path = SBJsonParser.h; sourceTree = "<group>"; };
		7E633C4D16516EC200837DBC /* SBJsonParser.m */ = {isa = PBXFileReference; fileEncoding = 4; lastKnownFileType = sourcecode.c.objc; path = SBJsonParser.m; sourceTree = "<group>"; };
		7E633C4E16516EC200837DBC /* SBJsonStreamParser.h */ = {isa = PBXFileReference; fileEncoding = 4; lastKnownFileType = sourcecode.c.h; path = SBJsonStreamParser.h; sourceTree = "<group>"; };
		7E633C4F16516EC200837DBC /* SBJsonStreamParser.m */ = {isa = PBXFileReference; fileEncoding = 4; lastKnownFileType = sourcecode.c.objc; path = SBJsonStreamParser.m; sourceTree = "<group>"; };
		7E633C5016516EC200837DBC /* SBJsonStreamParserAccumulator.h */ = {isa = PBXFileReference; fileEncoding = 4; lastKnownFileType = sourcecode.c.h; path = SBJsonStreamParserAccumulator.h; sourceTree = "<group>"; };
		7E633C5116516EC200837DBC /* SBJsonStreamParserAccumulator.m */ = {isa = PBXFileReference; fileEncoding = 4; lastKnownFileType = sourcecode.c.objc; path = SBJsonStreamParserAccumulator.m; sourceTree = "<group>"; };
		7E633C5216516EC200837DBC /* SBJsonStreamParserAdapter.h */ = {isa = PBXFileReference; fileEncoding = 4; lastKnownFileType = sourcecode.c.h; path = SBJsonStreamParserAdapter.h; sourceTree = "<group>"; };
		7E633C5316516EC200837DBC /* SBJsonStreamParserAdapter.m */ = {isa = PBXFileReference; fileEncoding = 4; lastKnownFileType = sourcecode.c.objc; path = SBJsonStreamParserAdapter.m; sourceTree = "<group>"; };
		7E633C5416516EC200837DBC /* SBJsonStreamParserState.h */ = {isa = PBXFileReference; fileEncoding = 4; lastKnownFileType = sourcecode.c.h; path = SBJsonStreamParserState.h; sourceTree = "<group>"; };
		7E633C5516516EC200837DBC /* SBJsonStreamParserState.m */ = {isa = PBXFileReference; fileEncoding = 4; lastKnownFileType = sourcecode.c.objc; path = SBJsonStreamParserState.m; sourceTree = "<group>"; };
		7E633C5616516EC200837DBC /* SBJsonStreamWriter.h */ = {isa = PBXFileReference; fileEncoding = 4; lastKnownFileType = sourcecode.c.h; path = SBJsonStreamWriter.h; sourceTree = "<group>"; };
		7E633C5716516EC200837DBC /* SBJsonStreamWriter.m */ = {isa = PBXFileReference; fileEncoding = 4; lastKnownFileType = sourcecode.c.objc; path = SBJsonStreamWriter.m; sourceTree = "<group>"; };
		7E633C5816516EC200837DBC /* SBJsonStreamWriterAccumulator.h */ = {isa = PBXFileReference; fileEncoding = 4; lastKnownFileType = sourcecode.c.h; path = SBJsonStreamWriterAccumulator.h; sourceTree = "<group>"; };
		7E633C5916516EC200837DBC /* SBJsonStreamWriterAccumulator.m */ = {isa = PBXFileReference; fileEncoding = 4; lastKnownFileType = sourcecode.c.objc; path = SBJsonStreamWriterAccumulator.m; sourceTree = "<group>"; };
		7E633C5A16516EC200837DBC /* SBJsonStreamWriterState.h */ = {isa = PBXFileReference; fileEncoding = 4; lastKnownFileType = sourcecode.c.h; path = SBJsonStreamWriterState.h; sourceTree = "<group>"; };
		7E633C5B16516EC200837DBC /* SBJsonStreamWriterState.m */ = {isa = PBXFileReference; fileEncoding = 4; lastKnownFileType = sourcecode.c.objc; path = SBJsonStreamWriterState.m; sourceTree = "<group>"; };
		7E633C5C16516EC200837DBC /* SBJsonTokeniser.h */ = {isa = PBXFileReference; fileEncoding = 4; lastKnownFileType = sourcecode.c.h; path = SBJsonTokeniser.h; sourceTree = "<group>"; };
		7E633C5D16516EC200837DBC /* SBJsonTokeniser.m */ = {isa = PBXFileReference; fileEncoding = 4; lastKnownFileType = sourcecode.c.objc; path = SBJsonTokeniser.m; sourceTree = "<group>"; };
		7E633C5E16516EC200837DBC /* SBJsonUTF8Stream.h */ = {isa = PBXFileReference; fileEncoding = 4; lastKnownFileType = sourcecode.c.h; path = SBJsonUTF8Stream.h; sourceTree = "<group>"; };
		7E633C5F16516EC200837DBC /* SBJsonUTF8Stream.m */ = {isa = PBXFileReference; fileEncoding = 4; lastKnownFileType = sourcecode.c.objc; path = SBJsonUTF8Stream.m; sourceTree = "<group>"; };
		7E633C6016516EC200837DBC /* SBJsonWriter.h */ = {isa = PBXFileReference; fileEncoding = 4; lastKnownFileType = sourcecode.c.h; path = SBJsonWriter.h; sourceTree = "<group>"; };
		7E633C6116516EC200837DBC /* SBJsonWriter.m */ = {isa = PBXFileReference; fileEncoding = 4; lastKnownFileType = sourcecode.c.objc; path = SBJsonWriter.m; sourceTree = "<group>"; };
		7E633D191651707800837DBC /* LICENSE.txt */ = {isa = PBXFileReference; fileEncoding = 4; lastKnownFileType = text; path = LICENSE.txt; sourceTree = "<group>"; };
		7E633FC61651750A00837DBC /* MapKit.framework */ = {isa = PBXFileReference; lastKnownFileType = wrapper.framework; name = MapKit.framework; path = System/Library/Frameworks/MapKit.framework; sourceTree = SDKROOT; };
		7E633FC81651751200837DBC /* Security.framework */ = {isa = PBXFileReference; lastKnownFileType = wrapper.framework; name = Security.framework; path = System/Library/Frameworks/Security.framework; sourceTree = SDKROOT; };
		7E633FCB165177C800837DBC /* CHANGELOG.md */ = {isa = PBXFileReference; fileEncoding = 4; lastKnownFileType = text; path = CHANGELOG.md; sourceTree = "<group>"; };
		7E633FCD165177C800837DBC /* AFHTTPClient.h */ = {isa = PBXFileReference; fileEncoding = 4; lastKnownFileType = sourcecode.c.h; path = AFHTTPClient.h; sourceTree = "<group>"; };
		7E633FCE165177C800837DBC /* AFHTTPRequestOperation.h */ = {isa = PBXFileReference; fileEncoding = 4; lastKnownFileType = sourcecode.c.h; path = AFHTTPRequestOperation.h; sourceTree = "<group>"; };
		7E633FCF165177C800837DBC /* AFImageRequestOperation.h */ = {isa = PBXFileReference; fileEncoding = 4; lastKnownFileType = sourcecode.c.h; path = AFImageRequestOperation.h; sourceTree = "<group>"; };
		7E633FD0165177C800837DBC /* AFJSONRequestOperation.h */ = {isa = PBXFileReference; fileEncoding = 4; lastKnownFileType = sourcecode.c.h; path = AFJSONRequestOperation.h; sourceTree = "<group>"; };
		7E633FD1165177C800837DBC /* AFJSONUtilities.h */ = {isa = PBXFileReference; fileEncoding = 4; lastKnownFileType = sourcecode.c.h; path = AFJSONUtilities.h; sourceTree = "<group>"; };
		7E633FD2165177C800837DBC /* AFNetworkActivityIndicatorManager.h */ = {isa = PBXFileReference; fileEncoding = 4; lastKnownFileType = sourcecode.c.h; path = AFNetworkActivityIndicatorManager.h; sourceTree = "<group>"; };
		7E633FD3165177C800837DBC /* AFNetworking.h */ = {isa = PBXFileReference; fileEncoding = 4; lastKnownFileType = sourcecode.c.h; path = AFNetworking.h; sourceTree = "<group>"; };
		7E633FD4165177C800837DBC /* AFPropertyListRequestOperation.h */ = {isa = PBXFileReference; fileEncoding = 4; lastKnownFileType = sourcecode.c.h; path = AFPropertyListRequestOperation.h; sourceTree = "<group>"; };
		7E633FD5165177C800837DBC /* AFURLConnectionOperation.h */ = {isa = PBXFileReference; fileEncoding = 4; lastKnownFileType = sourcecode.c.h; path = AFURLConnectionOperation.h; sourceTree = "<group>"; };
		7E633FD6165177C800837DBC /* AFXMLRequestOperation.h */ = {isa = PBXFileReference; fileEncoding = 4; lastKnownFileType = sourcecode.c.h; path = AFXMLRequestOperation.h; sourceTree = "<group>"; };
		7E633FD7165177C800837DBC /* Base64EncodedStringFromData.h */ = {isa = PBXFileReference; fileEncoding = 4; lastKnownFileType = sourcecode.c.h; path = Base64EncodedStringFromData.h; sourceTree = "<group>"; };
		7E633FD8165177C800837DBC /* KeychainWrapper.h */ = {isa = PBXFileReference; fileEncoding = 4; lastKnownFileType = sourcecode.c.h; path = KeychainWrapper.h; sourceTree = "<group>"; };
		7E633FD9165177C800837DBC /* NSArray+Enumerable.h */ = {isa = PBXFileReference; fileEncoding = 4; lastKnownFileType = sourcecode.c.h; path = "NSArray+Enumerable.h"; sourceTree = "<group>"; };
		7E633FDA165177C800837DBC /* NSDictionary+AtomicCounter.h */ = {isa = PBXFileReference; fileEncoding = 4; lastKnownFileType = sourcecode.c.h; path = "NSDictionary+AtomicCounter.h"; sourceTree = "<group>"; };
		7E633FDB165177C800837DBC /* NSEntityDescription+StackMobSerialization.h */ = {isa = PBXFileReference; fileEncoding = 4; lastKnownFileType = sourcecode.c.h; path = "NSEntityDescription+StackMobSerialization.h"; sourceTree = "<group>"; };
		7E633FDC165177C800837DBC /* NSManagedObject+StackMobSerialization.h */ = {isa = PBXFileReference; fileEncoding = 4; lastKnownFileType = sourcecode.c.h; path = "NSManagedObject+StackMobSerialization.h"; sourceTree = "<group>"; };
		7E633FDD165177C800837DBC /* SMBinaryDataConversion.h */ = {isa = PBXFileReference; fileEncoding = 4; lastKnownFileType = sourcecode.c.h; path = SMBinaryDataConversion.h; sourceTree = "<group>"; };
		7E633FDE165177C800837DBC /* SMClient.h */ = {isa = PBXFileReference; fileEncoding = 4; lastKnownFileType = sourcecode.c.h; path = SMClient.h; sourceTree = "<group>"; };
		7E633FDF165177C800837DBC /* SMCoreDataStore.h */ = {isa = PBXFileReference; fileEncoding = 4; lastKnownFileType = sourcecode.c.h; path = SMCoreDataStore.h; sourceTree = "<group>"; };
		7E633FE0165177C800837DBC /* SMCustomCodeRequest.h */ = {isa = PBXFileReference; fileEncoding = 4; lastKnownFileType = sourcecode.c.h; path = SMCustomCodeRequest.h; sourceTree = "<group>"; };
		7E633FE1165177C800837DBC /* SMDataStore+Protected.h */ = {isa = PBXFileReference; fileEncoding = 4; lastKnownFileType = sourcecode.c.h; path = "SMDataStore+Protected.h"; sourceTree = "<group>"; };
		7E633FE2165177C800837DBC /* SMDataStore.h */ = {isa = PBXFileReference; fileEncoding = 4; lastKnownFileType = sourcecode.c.h; path = SMDataStore.h; sourceTree = "<group>"; };
		7E633FE3165177C800837DBC /* SMError.h */ = {isa = PBXFileReference; fileEncoding = 4; lastKnownFileType = sourcecode.c.h; path = SMError.h; sourceTree = "<group>"; };
		7E633FE4165177C800837DBC /* SMIncrementalStore+Query.h */ = {isa = PBXFileReference; fileEncoding = 4; lastKnownFileType = sourcecode.c.h; path = "SMIncrementalStore+Query.h"; sourceTree = "<group>"; };
		7E633FE5165177C800837DBC /* SMIncrementalStore.h */ = {isa = PBXFileReference; fileEncoding = 4; lastKnownFileType = sourcecode.c.h; path = SMIncrementalStore.h; sourceTree = "<group>"; };
		7E633FE6165177C800837DBC /* SMJSONRequestOperation.h */ = {isa = PBXFileReference; fileEncoding = 4; lastKnownFileType = sourcecode.c.h; path = SMJSONRequestOperation.h; sourceTree = "<group>"; };
		7E633FE7165177C800837DBC /* SMOAuth2Client.h */ = {isa = PBXFileReference; fileEncoding = 4; lastKnownFileType = sourcecode.c.h; path = SMOAuth2Client.h; sourceTree = "<group>"; };
		7E633FE8165177C800837DBC /* SMQuery.h */ = {isa = PBXFileReference; fileEncoding = 4; lastKnownFileType = sourcecode.c.h; path = SMQuery.h; sourceTree = "<group>"; };
		7E633FE9165177C800837DBC /* SMRequestOptions.h */ = {isa = PBXFileReference; fileEncoding = 4; lastKnownFileType = sourcecode.c.h; path = SMRequestOptions.h; sourceTree = "<group>"; };
		7E633FEA165177C800837DBC /* SMResponseBlocks.h */ = {isa = PBXFileReference; fileEncoding = 4; lastKnownFileType = sourcecode.c.h; path = SMResponseBlocks.h; sourceTree = "<group>"; };
		7E633FEB165177C800837DBC /* SMUserManagedObject.h */ = {isa = PBXFileReference; fileEncoding = 4; lastKnownFileType = sourcecode.c.h; path = SMUserManagedObject.h; sourceTree = "<group>"; };
		7E633FEC165177C800837DBC /* SMUserSession.h */ = {isa = PBXFileReference; fileEncoding = 4; lastKnownFileType = sourcecode.c.h; path = SMUserSession.h; sourceTree = "<group>"; };
		7E633FED165177C800837DBC /* SMVersion.h */ = {isa = PBXFileReference; fileEncoding = 4; lastKnownFileType = sourcecode.c.h; path = SMVersion.h; sourceTree = "<group>"; };
		7E633FEE165177C800837DBC /* StackMob.h */ = {isa = PBXFileReference; fileEncoding = 4; lastKnownFileType = sourcecode.c.h; path = StackMob.h; sourceTree = "<group>"; };
		7E633FEF165177C800837DBC /* Synchronization.h */ = {isa = PBXFileReference; fileEncoding = 4; lastKnownFileType = sourcecode.c.h; path = Synchronization.h; sourceTree = "<group>"; };
		7E633FF0165177C800837DBC /* UIImageView+AFNetworking.h */ = {isa = PBXFileReference; fileEncoding = 4; lastKnownFileType = sourcecode.c.h; path = "UIImageView+AFNetworking.h"; sourceTree = "<group>"; };
		7E633FF1165177C800837DBC /* libstackmob-v1.1.2.a */ = {isa = PBXFileReference; lastKnownFileType = archive.ar; path = "libstackmob-v1.1.2.a"; sourceTree = "<group>"; };
		7E633FF4165177DF00837DBC /* CoreData.framework */ = {isa = PBXFileReference; lastKnownFileType = wrapper.framework; name = CoreData.framework; path = System/Library/Frameworks/CoreData.framework; sourceTree = SDKROOT; };
		7E633FF61651799F00837DBC /* masherymade.png */ = {isa = PBXFileReference; lastKnownFileType = image.png; path = masherymade.png; sourceTree = "<group>"; };
		7E633FFB165181E900837DBC /* active_access_rounded.png */ = {isa = PBXFileReference; lastKnownFileType = image.png; path = active_access_rounded.png; sourceTree = "<group>"; };
		7E633FFD165183A200837DBC /* Activity.h */ = {isa = PBXFileReference; fileEncoding = 4; lastKnownFileType = sourcecode.c.h; path = Activity.h; sourceTree = "<group>"; };
		7E633FFE165183A200837DBC /* Activity.m */ = {isa = PBXFileReference; fileEncoding = 4; lastKnownFileType = sourcecode.c.objc; path = Activity.m; sourceTree = "<group>"; };
		7E6340001651892100837DBC /* Constants.h */ = {isa = PBXFileReference; fileEncoding = 4; lastKnownFileType = sourcecode.c.h; path = Constants.h; sourceTree = "<group>"; };
		7E63400116518E8A00837DBC /* CoreLocation.framework */ = {isa = PBXFileReference; lastKnownFileType = wrapper.framework; name = CoreLocation.framework; path = System/Library/Frameworks/CoreLocation.framework; sourceTree = SDKROOT; };
		7E63400416518F4800837DBC /* Activity.xcdatamodel */ = {isa = PBXFileReference; lastKnownFileType = wrapper.xcdatamodel; path = Activity.xcdatamodel; sourceTree = "<group>"; };
/* End PBXFileReference section */

/* Begin PBXFrameworksBuildPhase section */
		7E633C131651685100837DBC /* Frameworks */ = {
			isa = PBXFrameworksBuildPhase;
			buildActionMask = 2147483647;
			files = (
				7E633FC91651751200837DBC /* Security.framework in Frameworks */,
				7E63400216518E8A00837DBC /* CoreLocation.framework in Frameworks */,
				7E633FF5165177DF00837DBC /* CoreData.framework in Frameworks */,
				7E633FC71651750A00837DBC /* MapKit.framework in Frameworks */,
				7E633C1B1651685100837DBC /* UIKit.framework in Frameworks */,
				7E633C1D1651685100837DBC /* Foundation.framework in Frameworks */,
				7E633C1F1651685100837DBC /* CoreGraphics.framework in Frameworks */,
				7E633FF3165177C800837DBC /* libstackmob-v1.1.2.a in Frameworks */,
			);
			runOnlyForDeploymentPostprocessing = 0;
		};
/* End PBXFrameworksBuildPhase section */

/* Begin PBXGroup section */
		7E633C0B1651685100837DBC = {
			isa = PBXGroup;
			children = (
				7E633FCA165177C800837DBC /* StackMob-v1.1.2 */,
				7E633C6F16516ECC00837DBC /* SBJson */,
				7E633C201651685100837DBC /* activeSearchDemo */,
				7E633C191651685100837DBC /* Frameworks */,
				7E633C171651685100837DBC /* Products */,
			);
			sourceTree = "<group>";
		};
		7E633C171651685100837DBC /* Products */ = {
			isa = PBXGroup;
			children = (
				7E633C161651685100837DBC /* activeSearchDemo.app */,
			);
			name = Products;
			sourceTree = "<group>";
		};
		7E633C191651685100837DBC /* Frameworks */ = {
			isa = PBXGroup;
			children = (
				7E63400116518E8A00837DBC /* CoreLocation.framework */,
				7E633FF4165177DF00837DBC /* CoreData.framework */,
				7E633FC61651750A00837DBC /* MapKit.framework */,
				7E633FC81651751200837DBC /* Security.framework */,
				7E633C1A1651685100837DBC /* UIKit.framework */,
				7E633C1C1651685100837DBC /* Foundation.framework */,
				7E633C1E1651685100837DBC /* CoreGraphics.framework */,
			);
			name = Frameworks;
			sourceTree = "<group>";
		};
		7E633C201651685100837DBC /* activeSearchDemo */ = {
			isa = PBXGroup;
			children = (
				7E633FF8165179A300837DBC /* Assets */,
				7E633C291651685100837DBC /* AppDelegate.h */,
				7E633C2A1651685100837DBC /* AppDelegate.m */,
				7E6340001651892100837DBC /* Constants.h */,
				7E633FFD165183A200837DBC /* Activity.h */,
				7E633FFE165183A200837DBC /* Activity.m */,
				7E633C321651685100837DBC /* MainStoryboard.storyboard */,
				7E633C351651685100837DBC /* ViewController.h */,
				7E633C361651685100837DBC /* ViewController.m */,
				7E63400316518F4800837DBC /* Activity.xcdatamodeld */,
				7E633C211651685100837DBC /* Supporting Files */,
			);
			path = activeSearchDemo;
			sourceTree = "<group>";
		};
		7E633C211651685100837DBC /* Supporting Files */ = {
			isa = PBXGroup;
			children = (
				7E633C221651685100837DBC /* activeSearchDemo-Info.plist */,
				7E633C231651685100837DBC /* InfoPlist.strings */,
				7E633C261651685100837DBC /* main.m */,
				7E633C281651685100837DBC /* activeSearchDemo-Prefix.pch */,
			);
			name = "Supporting Files";
			sourceTree = "<group>";
		};
		7E633C6F16516ECC00837DBC /* SBJson */ = {
			isa = PBXGroup;
			children = (
				7E633D191651707800837DBC /* LICENSE.txt */,
				7E633C4916516EC200837DBC /* NSObject+SBJson.h */,
				7E633C4A16516EC200837DBC /* NSObject+SBJson.m */,
				7E633C4B16516EC200837DBC /* SBJson.h */,
				7E633C4C16516EC200837DBC /* SBJsonParser.h */,
				7E633C4D16516EC200837DBC /* SBJsonParser.m */,
				7E633C4E16516EC200837DBC /* SBJsonStreamParser.h */,
				7E633C4F16516EC200837DBC /* SBJsonStreamParser.m */,
				7E633C5016516EC200837DBC /* SBJsonStreamParserAccumulator.h */,
				7E633C5116516EC200837DBC /* SBJsonStreamParserAccumulator.m */,
				7E633C5216516EC200837DBC /* SBJsonStreamParserAdapter.h */,
				7E633C5316516EC200837DBC /* SBJsonStreamParserAdapter.m */,
				7E633C5416516EC200837DBC /* SBJsonStreamParserState.h */,
				7E633C5516516EC200837DBC /* SBJsonStreamParserState.m */,
				7E633C5616516EC200837DBC /* SBJsonStreamWriter.h */,
				7E633C5716516EC200837DBC /* SBJsonStreamWriter.m */,
				7E633C5816516EC200837DBC /* SBJsonStreamWriterAccumulator.h */,
				7E633C5916516EC200837DBC /* SBJsonStreamWriterAccumulator.m */,
				7E633C5A16516EC200837DBC /* SBJsonStreamWriterState.h */,
				7E633C5B16516EC200837DBC /* SBJsonStreamWriterState.m */,
				7E633C5C16516EC200837DBC /* SBJsonTokeniser.h */,
				7E633C5D16516EC200837DBC /* SBJsonTokeniser.m */,
				7E633C5E16516EC200837DBC /* SBJsonUTF8Stream.h */,
				7E633C5F16516EC200837DBC /* SBJsonUTF8Stream.m */,
				7E633C6016516EC200837DBC /* SBJsonWriter.h */,
				7E633C6116516EC200837DBC /* SBJsonWriter.m */,
			);
			name = SBJson;
			sourceTree = "<group>";
		};
		7E633FCA165177C800837DBC /* StackMob-v1.1.2 */ = {
			isa = PBXGroup;
			children = (
				7E633FCB165177C800837DBC /* CHANGELOG.md */,
				7E633FCC165177C800837DBC /* Headers */,
				7E633FF1165177C800837DBC /* libstackmob-v1.1.2.a */,
			);
			path = "StackMob-v1.1.2";
			sourceTree = "<group>";
		};
		7E633FCC165177C800837DBC /* Headers */ = {
			isa = PBXGroup;
			children = (
				7E633FCD165177C800837DBC /* AFHTTPClient.h */,
				7E633FCE165177C800837DBC /* AFHTTPRequestOperation.h */,
				7E633FCF165177C800837DBC /* AFImageRequestOperation.h */,
				7E633FD0165177C800837DBC /* AFJSONRequestOperation.h */,
				7E633FD1165177C800837DBC /* AFJSONUtilities.h */,
				7E633FD2165177C800837DBC /* AFNetworkActivityIndicatorManager.h */,
				7E633FD3165177C800837DBC /* AFNetworking.h */,
				7E633FD4165177C800837DBC /* AFPropertyListRequestOperation.h */,
				7E633FD5165177C800837DBC /* AFURLConnectionOperation.h */,
				7E633FD6165177C800837DBC /* AFXMLRequestOperation.h */,
				7E633FD7165177C800837DBC /* Base64EncodedStringFromData.h */,
				7E633FD8165177C800837DBC /* KeychainWrapper.h */,
				7E633FD9165177C800837DBC /* NSArray+Enumerable.h */,
				7E633FDA165177C800837DBC /* NSDictionary+AtomicCounter.h */,
				7E633FDB165177C800837DBC /* NSEntityDescription+StackMobSerialization.h */,
				7E633FDC165177C800837DBC /* NSManagedObject+StackMobSerialization.h */,
				7E633FDD165177C800837DBC /* SMBinaryDataConversion.h */,
				7E633FDE165177C800837DBC /* SMClient.h */,
				7E633FDF165177C800837DBC /* SMCoreDataStore.h */,
				7E633FE0165177C800837DBC /* SMCustomCodeRequest.h */,
				7E633FE1165177C800837DBC /* SMDataStore+Protected.h */,
				7E633FE2165177C800837DBC /* SMDataStore.h */,
				7E633FE3165177C800837DBC /* SMError.h */,
				7E633FE4165177C800837DBC /* SMIncrementalStore+Query.h */,
				7E633FE5165177C800837DBC /* SMIncrementalStore.h */,
				7E633FE6165177C800837DBC /* SMJSONRequestOperation.h */,
				7E633FE7165177C800837DBC /* SMOAuth2Client.h */,
				7E633FE8165177C800837DBC /* SMQuery.h */,
				7E633FE9165177C800837DBC /* SMRequestOptions.h */,
				7E633FEA165177C800837DBC /* SMResponseBlocks.h */,
				7E633FEB165177C800837DBC /* SMUserManagedObject.h */,
				7E633FEC165177C800837DBC /* SMUserSession.h */,
				7E633FED165177C800837DBC /* SMVersion.h */,
				7E633FEE165177C800837DBC /* StackMob.h */,
				7E633FEF165177C800837DBC /* Synchronization.h */,
				7E633FF0165177C800837DBC /* UIImageView+AFNetworking.h */,
			);
			path = Headers;
			sourceTree = "<group>";
		};
		7E633FF8165179A300837DBC /* Assets */ = {
			isa = PBXGroup;
			children = (
				7E633FFB165181E900837DBC /* active_access_rounded.png */,
				7E633C2C1651685100837DBC /* Default.png */,
				7E633C2E1651685100837DBC /* Default@2x.png */,
				7E633C301651685100837DBC /* Default-568h@2x.png */,
				7E633FF61651799F00837DBC /* masherymade.png */,
			);
			name = Assets;
			sourceTree = "<group>";
		};
/* End PBXGroup section */

/* Begin PBXNativeTarget section */
		7E633C151651685100837DBC /* activeSearchDemo */ = {
			isa = PBXNativeTarget;
			buildConfigurationList = 7E633C3A1651685100837DBC /* Build configuration list for PBXNativeTarget "activeSearchDemo" */;
			buildPhases = (
				7E633C121651685100837DBC /* Sources */,
				7E633C131651685100837DBC /* Frameworks */,
				7E633C141651685100837DBC /* Resources */,
			);
			buildRules = (
			);
			dependencies = (
			);
			name = activeSearchDemo;
			productName = activeSearchDemo;
			productReference = 7E633C161651685100837DBC /* activeSearchDemo.app */;
			productType = "com.apple.product-type.application";
		};
/* End PBXNativeTarget section */

/* Begin PBXProject section */
		7E633C0D1651685100837DBC /* Project object */ = {
			isa = PBXProject;
			attributes = {
				LastUpgradeCheck = 0450;
				ORGANIZATIONNAME = Mashery;
			};
			buildConfigurationList = 7E633C101651685100837DBC /* Build configuration list for PBXProject "activeSearchDemo" */;
			compatibilityVersion = "Xcode 3.2";
			developmentRegion = English;
			hasScannedForEncodings = 0;
			knownRegions = (
				en,
			);
			mainGroup = 7E633C0B1651685100837DBC;
			productRefGroup = 7E633C171651685100837DBC /* Products */;
			projectDirPath = "";
			projectRoot = "";
			targets = (
				7E633C151651685100837DBC /* activeSearchDemo */,
			);
		};
/* End PBXProject section */

/* Begin PBXResourcesBuildPhase section */
		7E633C141651685100837DBC /* Resources */ = {
			isa = PBXResourcesBuildPhase;
			buildActionMask = 2147483647;
			files = (
				7E633C251651685100837DBC /* InfoPlist.strings in Resources */,
				7E633C2D1651685100837DBC /* Default.png in Resources */,
				7E633C2F1651685100837DBC /* Default@2x.png in Resources */,
				7E633C311651685100837DBC /* Default-568h@2x.png in Resources */,
				7E633C341651685100837DBC /* MainStoryboard.storyboard in Resources */,
				7E633D1A1651707800837DBC /* LICENSE.txt in Resources */,
				7E633FF2165177C800837DBC /* CHANGELOG.md in Resources */,
				7E633FF71651799F00837DBC /* masherymade.png in Resources */,
				7E633FFC165181E900837DBC /* active_access_rounded.png in Resources */,
			);
			runOnlyForDeploymentPostprocessing = 0;
		};
/* End PBXResourcesBuildPhase section */

/* Begin PBXSourcesBuildPhase section */
		7E633C121651685100837DBC /* Sources */ = {
			isa = PBXSourcesBuildPhase;
			buildActionMask = 2147483647;
			files = (
				7E633C271651685100837DBC /* main.m in Sources */,
				7E633C2B1651685100837DBC /* AppDelegate.m in Sources */,
				7E633C371651685100837DBC /* ViewController.m in Sources */,
				7E633C6216516EC200837DBC /* NSObject+SBJson.m in Sources */,
				7E633C6316516EC200837DBC /* SBJsonParser.m in Sources */,
				7E633C6416516EC200837DBC /* SBJsonStreamParser.m in Sources */,
				7E633C6516516EC200837DBC /* SBJsonStreamParserAccumulator.m in Sources */,
				7E633C6616516EC200837DBC /* SBJsonStreamParserAdapter.m in Sources */,
				7E633C6716516EC200837DBC /* SBJsonStreamParserState.m in Sources */,
				7E633C6816516EC200837DBC /* SBJsonStreamWriter.m in Sources */,
				7E633C6916516EC200837DBC /* SBJsonStreamWriterAccumulator.m in Sources */,
				7E633C6A16516EC200837DBC /* SBJsonStreamWriterState.m in Sources */,
				7E633C6B16516EC200837DBC /* SBJsonTokeniser.m in Sources */,
				7E633C6C16516EC200837DBC /* SBJsonUTF8Stream.m in Sources */,
				7E633C6D16516EC200837DBC /* SBJsonWriter.m in Sources */,
				7E633FFF165183A200837DBC /* Activity.m in Sources */,
				7E63400516518F4800837DBC /* Activity.xcdatamodeld in Sources */,
			);
			runOnlyForDeploymentPostprocessing = 0;
		};
/* End PBXSourcesBuildPhase section */

/* Begin PBXVariantGroup section */
		7E633C231651685100837DBC /* InfoPlist.strings */ = {
			isa = PBXVariantGroup;
			children = (
				7E633C241651685100837DBC /* en */,
			);
			name = InfoPlist.strings;
			sourceTree = "<group>";
		};
		7E633C321651685100837DBC /* MainStoryboard.storyboard */ = {
			isa = PBXVariantGroup;
			children = (
				7E633C331651685100837DBC /* en */,
			);
			name = MainStoryboard.storyboard;
			sourceTree = "<group>";
		};
/* End PBXVariantGroup section */

/* Begin XCBuildConfiguration section */
		7E633C381651685100837DBC /* Debug */ = {
			isa = XCBuildConfiguration;
			buildSettings = {
				ALWAYS_SEARCH_USER_PATHS = NO;
				CLANG_CXX_LANGUAGE_STANDARD = "gnu++0x";
				CLANG_CXX_LIBRARY = "libc++";
				CLANG_ENABLE_OBJC_ARC = YES;
				CLANG_WARN_EMPTY_BODY = YES;
				CLANG_WARN__DUPLICATE_METHOD_MATCH = YES;
				"CODE_SIGN_IDENTITY[sdk=iphoneos*]" = "iPhone Developer";
				COPY_PHASE_STRIP = NO;
				GCC_C_LANGUAGE_STANDARD = gnu99;
				GCC_DYNAMIC_NO_PIC = NO;
				GCC_OPTIMIZATION_LEVEL = 0;
				GCC_PREPROCESSOR_DEFINITIONS = (
					"DEBUG=1",
					"$(inherited)",
				);
				GCC_SYMBOLS_PRIVATE_EXTERN = NO;
				GCC_WARN_ABOUT_RETURN_TYPE = YES;
				GCC_WARN_UNINITIALIZED_AUTOS = YES;
				GCC_WARN_UNUSED_VARIABLE = YES;
				IPHONEOS_DEPLOYMENT_TARGET = 6.0;
				ONLY_ACTIVE_ARCH = YES;
				OTHER_LDFLAGS = "-ObjC";
				SDKROOT = iphoneos;
			};
			name = Debug;
		};
		7E633C391651685100837DBC /* Release */ = {
			isa = XCBuildConfiguration;
			buildSettings = {
				ALWAYS_SEARCH_USER_PATHS = NO;
				CLANG_CXX_LANGUAGE_STANDARD = "gnu++0x";
				CLANG_CXX_LIBRARY = "libc++";
				CLANG_ENABLE_OBJC_ARC = YES;
				CLANG_WARN_EMPTY_BODY = YES;
				CLANG_WARN__DUPLICATE_METHOD_MATCH = YES;
				"CODE_SIGN_IDENTITY[sdk=iphoneos*]" = "iPhone Developer";
				COPY_PHASE_STRIP = YES;
				GCC_C_LANGUAGE_STANDARD = gnu99;
				GCC_WARN_ABOUT_RETURN_TYPE = YES;
				GCC_WARN_UNINITIALIZED_AUTOS = YES;
				GCC_WARN_UNUSED_VARIABLE = YES;
				IPHONEOS_DEPLOYMENT_TARGET = 6.0;
				OTHER_CFLAGS = "-DNS_BLOCK_ASSERTIONS=1";
				OTHER_LDFLAGS = "-ObjC";
				SDKROOT = iphoneos;
				VALIDATE_PRODUCT = YES;
			};
			name = Release;
		};
		7E633C3B1651685100837DBC /* Debug */ = {
			isa = XCBuildConfiguration;
			buildSettings = {
				FRAMEWORK_SEARCH_PATHS = (
					"$(inherited)",
					"\"$(SRCROOT)/StackMob_iOS-master/StackMob/External/libraries\"",
				);
				GCC_PRECOMPILE_PREFIX_HEADER = YES;
				GCC_PREFIX_HEADER = "activeSearchDemo/activeSearchDemo-Prefix.pch";
				INFOPLIST_FILE = "activeSearchDemo/activeSearchDemo-Info.plist";
				LIBRARY_SEARCH_PATHS = (
					"$(inherited)",
					"\"$(SRCROOT)/StackMob_iOS-master/StackMob/External/inneractive/lib\"",
					"\"$(SRCROOT)/StackMob-v1.1.2\"",
				);
				PRODUCT_NAME = "$(TARGET_NAME)";
				WRAPPER_EXTENSION = app;
			};
			name = Debug;
		};
		7E633C3C1651685100837DBC /* Release */ = {
			isa = XCBuildConfiguration;
			buildSettings = {
				FRAMEWORK_SEARCH_PATHS = (
					"$(inherited)",
					"\"$(SRCROOT)/StackMob_iOS-master/StackMob/External/libraries\"",
				);
				GCC_PRECOMPILE_PREFIX_HEADER = YES;
				GCC_PREFIX_HEADER = "activeSearchDemo/activeSearchDemo-Prefix.pch";
				INFOPLIST_FILE = "activeSearchDemo/activeSearchDemo-Info.plist";
				LIBRARY_SEARCH_PATHS = (
					"$(inherited)",
					"\"$(SRCROOT)/StackMob_iOS-master/StackMob/External/inneractive/lib\"",
					"\"$(SRCROOT)/StackMob-v1.1.2\"",
				);
				PRODUCT_NAME = "$(TARGET_NAME)";
				WRAPPER_EXTENSION = app;
			};
			name = Release;
		};
/* End XCBuildConfiguration section */

/* Begin XCConfigurationList section */
		7E633C101651685100837DBC /* Build configuration list for PBXProject "activeSearchDemo" */ = {
			isa = XCConfigurationList;
			buildConfigurations = (
				7E633C381651685100837DBC /* Debug */,
				7E633C391651685100837DBC /* Release */,
			);
			defaultConfigurationIsVisible = 0;
			defaultConfigurationName = Release;
		};
		7E633C3A1651685100837DBC /* Build configuration list for PBXNativeTarget "activeSearchDemo" */ = {
			isa = XCConfigurationList;
			buildConfigurations = (
				7E633C3B1651685100837DBC /* Debug */,
				7E633C3C1651685100837DBC /* Release */,
			);
			defaultConfigurationIsVisible = 0;
			defaultConfigurationName = Release;
		};
/* End XCConfigurationList section */

/* Begin XCVersionGroup section */
		7E63400316518F4800837DBC /* Activity.xcdatamodeld */ = {
			isa = XCVersionGroup;
			children = (
				7E63400416518F4800837DBC /* Activity.xcdatamodel */,
			);
			currentVersion = 7E63400416518F4800837DBC /* Activity.xcdatamodel */;
			path = Activity.xcdatamodeld;
			sourceTree = "<group>";
			versionGroupType = wrapper.xcdatamodel;
		};
/* End XCVersionGroup section */
	};
	rootObject = 7E633C0D1651685100837DBC /* Project object */;
}
